PODS:
  - MJExtension (3.2.4)
  - SAMKeychain (1.5.3)
  - UnitySdk (1.0.0):
    - MJExtension
    - SAMKeychain

DEPENDENCIES:
  - UnitySdk (from `../`)

SPEC REPOS:
  trunk:
    - MJExtension
    - SAMKeychain

EXTERNAL SOURCES:
  UnitySdk:
    :path: "../"

SPEC CHECKSUMS:
  MJExtension: 88e0900751b6cac8de1cf724ca9838a0b28d5acb
  SAMKeychain: 483e1c9f32984d50ca961e26818a534283b4cd5c
  UnitySdk: 52472063180f226338f17b841a83fd85733ba3a4

PODFILE CHECKSUM: 41c39135f8887d08711c26476f13edd55e5f7cea

COCOAPODS: 1.10.1
